
Microsoft Visual Studio Solution File, Format Version 12.00
# Visual Studio Version 16
VisualStudioVersion = 16.0.30717.126
MinimumVisualStudioVersion = 10.0.40219.1
Project("{FAE04EC0-301F-11D3-BF4B-00C04F79EFBC}") = "WoTB_Voice_Mod_Creater", "WoTB_Voice_Mod_Creater.csproj", "{8E7C0FB2-53B9-4486-9CD2-C668ED9EC712}"
EndProject
Project("{2150E333-8FDC-42A3-9474-1A3956D46DE8}") = "Solution Items", "Solution Items", "{729491A0-5473-48E1-8D62-415C35B7BB3D}"
	ProjectSection(SolutionItems) = preProject
		.editorconfig = .editorconfig
	EndProjectSection
EndProject
Global
	GlobalSection(SolutionConfigurationPlatforms) = preSolution
		Debug|Any CPU = Debug|Any CPU
		Debug|x64 = Debug|x64
		Debug|x86 = Debug|x86
		Release|Any CPU = Release|Any CPU
		Release|x64 = Release|x64
		Release|x86 = Release|x86
	EndGlobalSection
	GlobalSection(ProjectConfigurationPlatforms) = postSolution
		{8E7C0FB2-53B9-4486-9CD2-C668ED9EC712}.Debug|Any CPU.ActiveCfg = Debug|Any CPU
		{8E7C0FB2-53B9-4486-9CD2-C668ED9EC712}.Debug|Any CPU.Build.0 = Debug|Any CPU
		{8E7C0FB2-53B9-4486-9CD2-C668ED9EC712}.Debug|x64.ActiveCfg = Debug|x64
		{8E7C0FB2-53B9-4486-9CD2-C668ED9EC712}.Debug|x64.Build.0 = Debug|x64
		{8E7C0FB2-53B9-4486-9CD2-C668ED9EC712}.Debug|x86.ActiveCfg = Debug|x86
		{8E7C0FB2-53B9-4486-9CD2-C668ED9EC712}.Debug|x86.Build.0 = Debug|x86
		{8E7C0FB2-53B9-4486-9CD2-C668ED9EC712}.Release|Any CPU.ActiveCfg = Release|Any CPU
		{8E7C0FB2-53B9-4486-9CD2-C668ED9EC712}.Release|Any CPU.Build.0 = Release|Any CPU
		{8E7C0FB2-53B9-4486-9CD2-C668ED9EC712}.Release|x64.ActiveCfg = Release|x64
		{8E7C0FB2-53B9-4486-9CD2-C668ED9EC712}.Release|x64.Build.0 = Release|x64
		{8E7C0FB2-53B9-4486-9CD2-C668ED9EC712}.Release|x86.ActiveCfg = Release|x86
		{8E7C0FB2-53B9-4486-9CD2-C668ED9EC712}.Release|x86.Build.0 = Release|x86
	EndGlobalSection
	GlobalSection(SolutionProperties) = preSolution
		HideSolutionNode = FALSE
	EndGlobalSection
	GlobalSection(ExtensibilityGlobals) = postSolution
		SolutionGuid = {981F631B-3153-4DF7-A407-84630BDF7C91}
	EndGlobalSection
EndGlobal
